
Microsoft Visual Studio Solution File, Format Version 12.00
# Visual Studio Version 16
VisualStudioVersion = 16.0.29920.165
MinimumVisualStudioVersion = 10.0.40219.1
Project("{2150E333-8FDC-42A3-9474-1A3956D46DE8}") = "src", "src", "{0F45BD45-77DB-41B3-B8A5-200803488D9B}"
EndProject
Project("{2150E333-8FDC-42A3-9474-1A3956D46DE8}") = "modules", "modules", "{15228815-0810-45A0-B61A-855377924346}"
EndProject
Project("{9A19103F-16F7-4668-BE54-9A1E7A4F7556}") = "AspNetCoreStarterKit.Domain", "src\AspNetCoreStarterKit.Domain\AspNetCoreStarterKit.Domain.csproj", "{495000F3-ECED-4A19-B9E8-67EE71724F0D}"
EndProject
Project("{9A19103F-16F7-4668-BE54-9A1E7A4F7556}") = "AspNetCoreStarterKit.Application", "src\AspNetCoreStarterKit.Application\AspNetCoreStarterKit.Application.csproj", "{80641B08-E98D-4245-B7B5-F2D0477B0407}"
EndProject
Project("{9A19103F-16F7-4668-BE54-9A1E7A4F7556}") = "AspNetCoreStarterKit.EntityFramework", "src\AspNetCoreStarterKit.EntityFramework\AspNetCoreStarterKit.EntityFramework.csproj", "{899786AB-16F7-4734-B3FF-4F2C8A8B22B3}"
EndProject
Project("{9A19103F-16F7-4668-BE54-9A1E7A4F7556}") = "AspNetCoreStarterKit.WebApi", "src\AspNetCoreStarterKit.WebApi\AspNetCoreStarterKit.WebApi.csproj", "{B43AACC2-99E8-47F2-A9B1-E38E1AFF5A5A}"
EndProject
Project("{FAE04EC0-301F-11D3-BF4B-00C04F79EFBC}") = "AspNetCoreStarterKit.Module.Core", "src\modules\AspNetCoreStarterKit.Module.Core\AspNetCoreStarterKit.Module.Core.csproj", "{61AB4D2F-C989-4F1C-9E61-B370C1D5BE98}"
EndProject
Project("{FAE04EC0-301F-11D3-BF4B-00C04F79EFBC}") = "AspNetCoreStarterKit.WebApi.Core", "src\AspNetCoreStarterKit.WebApi.Core\AspNetCoreStarterKit.WebApi.Core.csproj", "{7BC774FA-E5FF-43F4-B61D-DD6B47560D17}"
EndProject
Global
	GlobalSection(SolutionConfigurationPlatforms) = preSolution
		Debug|Any CPU = Debug|Any CPU
		Release|Any CPU = Release|Any CPU
	EndGlobalSection
	GlobalSection(ProjectConfigurationPlatforms) = postSolution
		{495000F3-ECED-4A19-B9E8-67EE71724F0D}.Debug|Any CPU.ActiveCfg = Debug|Any CPU
		{495000F3-ECED-4A19-B9E8-67EE71724F0D}.Debug|Any CPU.Build.0 = Debug|Any CPU
		{495000F3-ECED-4A19-B9E8-67EE71724F0D}.Release|Any CPU.ActiveCfg = Release|Any CPU
		{495000F3-ECED-4A19-B9E8-67EE71724F0D}.Release|Any CPU.Build.0 = Release|Any CPU
		{80641B08-E98D-4245-B7B5-F2D0477B0407}.Debug|Any CPU.ActiveCfg = Debug|Any CPU
		{80641B08-E98D-4245-B7B5-F2D0477B0407}.Debug|Any CPU.Build.0 = Debug|Any CPU
		{80641B08-E98D-4245-B7B5-F2D0477B0407}.Release|Any CPU.ActiveCfg = Release|Any CPU
		{80641B08-E98D-4245-B7B5-F2D0477B0407}.Release|Any CPU.Build.0 = Release|Any CPU
		{899786AB-16F7-4734-B3FF-4F2C8A8B22B3}.Debug|Any CPU.ActiveCfg = Debug|Any CPU
		{899786AB-16F7-4734-B3FF-4F2C8A8B22B3}.Debug|Any CPU.Build.0 = Debug|Any CPU
		{899786AB-16F7-4734-B3FF-4F2C8A8B22B3}.Release|Any CPU.ActiveCfg = Release|Any CPU
		{899786AB-16F7-4734-B3FF-4F2C8A8B22B3}.Release|Any CPU.Build.0 = Release|Any CPU
		{B43AACC2-99E8-47F2-A9B1-E38E1AFF5A5A}.Debug|Any CPU.ActiveCfg = Debug|Any CPU
		{B43AACC2-99E8-47F2-A9B1-E38E1AFF5A5A}.Debug|Any CPU.Build.0 = Debug|Any CPU
		{B43AACC2-99E8-47F2-A9B1-E38E1AFF5A5A}.Release|Any CPU.ActiveCfg = Release|Any CPU
		{B43AACC2-99E8-47F2-A9B1-E38E1AFF5A5A}.Release|Any CPU.Build.0 = Release|Any CPU
		{61AB4D2F-C989-4F1C-9E61-B370C1D5BE98}.Debug|Any CPU.ActiveCfg = Debug|Any CPU
		{61AB4D2F-C989-4F1C-9E61-B370C1D5BE98}.Debug|Any CPU.Build.0 = Debug|Any CPU
		{61AB4D2F-C989-4F1C-9E61-B370C1D5BE98}.Release|Any CPU.ActiveCfg = Release|Any CPU
		{61AB4D2F-C989-4F1C-9E61-B370C1D5BE98}.Release|Any CPU.Build.0 = Release|Any CPU
		{7BC774FA-E5FF-43F4-B61D-DD6B47560D17}.Debug|Any CPU.ActiveCfg = Debug|Any CPU
		{7BC774FA-E5FF-43F4-B61D-DD6B47560D17}.Debug|Any CPU.Build.0 = Debug|Any CPU
		{7BC774FA-E5FF-43F4-B61D-DD6B47560D17}.Release|Any CPU.ActiveCfg = Release|Any CPU
		{7BC774FA-E5FF-43F4-B61D-DD6B47560D17}.Release|Any CPU.Build.0 = Release|Any CPU
	EndGlobalSection
	GlobalSection(SolutionProperties) = preSolution
		HideSolutionNode = FALSE
	EndGlobalSection
	GlobalSection(NestedProjects) = preSolution
		{15228815-0810-45A0-B61A-855377924346} = {0F45BD45-77DB-41B3-B8A5-200803488D9B}
		{495000F3-ECED-4A19-B9E8-67EE71724F0D} = {0F45BD45-77DB-41B3-B8A5-200803488D9B}
		{80641B08-E98D-4245-B7B5-F2D0477B0407} = {0F45BD45-77DB-41B3-B8A5-200803488D9B}
		{899786AB-16F7-4734-B3FF-4F2C8A8B22B3} = {0F45BD45-77DB-41B3-B8A5-200803488D9B}
		{B43AACC2-99E8-47F2-A9B1-E38E1AFF5A5A} = {0F45BD45-77DB-41B3-B8A5-200803488D9B}
		{61AB4D2F-C989-4F1C-9E61-B370C1D5BE98} = {15228815-0810-45A0-B61A-855377924346}
		{7BC774FA-E5FF-43F4-B61D-DD6B47560D17} = {0F45BD45-77DB-41B3-B8A5-200803488D9B}
	EndGlobalSection
	GlobalSection(ExtensibilityGlobals) = postSolution
		SolutionGuid = {65DE3DF4-9F06-412D-9C6D-2D9FF14C9FB4}
	EndGlobalSection
EndGlobal
